
Microsoft Visual Studio Solution File, Format Version 12.00
# Visual Studio Version 17
VisualStudioVersion = 17.4.33213.308
MinimumVisualStudioVersion = 10.0.40219.1
Project("{FAE04EC0-301F-11D3-BF4B-00C04F79EFBC}") = "TodoManagementSystemTest.Tests", "TodoManagementSystemTest.Tests\TodoManagementSystemTest.Tests.csproj", "{7C1C2512-E2EC-4314-B3F6-B885F36729ED}"
EndProject
Project("{FAE04EC0-301F-11D3-BF4B-00C04F79EFBC}") = "TodoManagementSystem.Domain", "TodoManagementSystem.Domain\TodoManagementSystem.Domain.csproj", "{A28EE897-5732-4903-996B-5C5E3A3759B1}"
EndProject
Global
	GlobalSection(SolutionConfigurationPlatforms) = preSolution
		Debug|Any CPU = Debug|Any CPU
		Release|Any CPU = Release|Any CPU
	EndGlobalSection
	GlobalSection(ProjectConfigurationPlatforms) = postSolution
		{7C1C2512-E2EC-4314-B3F6-B885F36729ED}.Debug|Any CPU.ActiveCfg = Debug|Any CPU
		{7C1C2512-E2EC-4314-B3F6-B885F36729ED}.Debug|Any CPU.Build.0 = Debug|Any CPU
		{7C1C2512-E2EC-4314-B3F6-B885F36729ED}.Release|Any CPU.ActiveCfg = Release|Any CPU
		{7C1C2512-E2EC-4314-B3F6-B885F36729ED}.Release|Any CPU.Build.0 = Release|Any CPU
		{A28EE897-5732-4903-996B-5C5E3A3759B1}.Debug|Any CPU.ActiveCfg = Debug|Any CPU
		{A28EE897-5732-4903-996B-5C5E3A3759B1}.Debug|Any CPU.Build.0 = Debug|Any CPU
		{A28EE897-5732-4903-996B-5C5E3A3759B1}.Release|Any CPU.ActiveCfg = Release|Any CPU
		{A28EE897-5732-4903-996B-5C5E3A3759B1}.Release|Any CPU.Build.0 = Release|Any CPU
	EndGlobalSection
	GlobalSection(SolutionProperties) = preSolution
		HideSolutionNode = FALSE
	EndGlobalSection
	GlobalSection(ExtensibilityGlobals) = postSolution
		SolutionGuid = {847CDD81-C32B-4262-9869-CF252299D711}
	EndGlobalSection
EndGlobal
