
Microsoft Visual Studio Solution File, Format Version 12.00
# Visual Studio Version 17
VisualStudioVersion = 17.4.33213.308
MinimumVisualStudioVersion = 10.0.40219.1
Project("{9A19103F-16F7-4668-BE54-9A1E7A4F7556}") = "TodoManagementSystemTest.Tests", "TodoManagementSystemTest.Tests\TodoManagementSystemTest.Tests.csproj", "{7C1C2512-E2EC-4314-B3F6-B885F36729ED}"
EndProject
Project("{9A19103F-16F7-4668-BE54-9A1E7A4F7556}") = "TodoManagementSystem.Domain", "TodoManagementSystem.Domain\TodoManagementSystem.Domain.csproj", "{A28EE897-5732-4903-996B-5C5E3A3759B1}"
EndProject
Project("{FAE04EC0-301F-11D3-BF4B-00C04F79EFBC}") = "TodoManagementSystem.Infrastructure", "TodoManagementSystem.Infrastructure\TodoManagementSystem.Infrastructure.csproj", "{4C7363C4-438F-47AC-9072-6B080F3DA19F}"
EndProject
Project("{FAE04EC0-301F-11D3-BF4B-00C04F79EFBC}") = "TodoManagementSystem.UseCase", "TodoManagementSystem.UseCase\TodoManagementSystem.UseCase.csproj", "{B3084D76-1A1E-4205-8ED6-AD6E5EB4EDF3}"
EndProject
Global
	GlobalSection(SolutionConfigurationPlatforms) = preSolution
		Debug|Any CPU = Debug|Any CPU
		Release|Any CPU = Release|Any CPU
	EndGlobalSection
	GlobalSection(ProjectConfigurationPlatforms) = postSolution
		{7C1C2512-E2EC-4314-B3F6-B885F36729ED}.Debug|Any CPU.ActiveCfg = Debug|Any CPU
		{7C1C2512-E2EC-4314-B3F6-B885F36729ED}.Debug|Any CPU.Build.0 = Debug|Any CPU
		{7C1C2512-E2EC-4314-B3F6-B885F36729ED}.Release|Any CPU.ActiveCfg = Release|Any CPU
		{7C1C2512-E2EC-4314-B3F6-B885F36729ED}.Release|Any CPU.Build.0 = Release|Any CPU
		{A28EE897-5732-4903-996B-5C5E3A3759B1}.Debug|Any CPU.ActiveCfg = Debug|Any CPU
		{A28EE897-5732-4903-996B-5C5E3A3759B1}.Debug|Any CPU.Build.0 = Debug|Any CPU
		{A28EE897-5732-4903-996B-5C5E3A3759B1}.Release|Any CPU.ActiveCfg = Release|Any CPU
		{A28EE897-5732-4903-996B-5C5E3A3759B1}.Release|Any CPU.Build.0 = Release|Any CPU
		{4C7363C4-438F-47AC-9072-6B080F3DA19F}.Debug|Any CPU.ActiveCfg = Debug|Any CPU
		{4C7363C4-438F-47AC-9072-6B080F3DA19F}.Debug|Any CPU.Build.0 = Debug|Any CPU
		{4C7363C4-438F-47AC-9072-6B080F3DA19F}.Release|Any CPU.ActiveCfg = Release|Any CPU
		{4C7363C4-438F-47AC-9072-6B080F3DA19F}.Release|Any CPU.Build.0 = Release|Any CPU
		{B3084D76-1A1E-4205-8ED6-AD6E5EB4EDF3}.Debug|Any CPU.ActiveCfg = Debug|Any CPU
		{B3084D76-1A1E-4205-8ED6-AD6E5EB4EDF3}.Debug|Any CPU.Build.0 = Debug|Any CPU
		{B3084D76-1A1E-4205-8ED6-AD6E5EB4EDF3}.Release|Any CPU.ActiveCfg = Release|Any CPU
		{B3084D76-1A1E-4205-8ED6-AD6E5EB4EDF3}.Release|Any CPU.Build.0 = Release|Any CPU
	EndGlobalSection
	GlobalSection(SolutionProperties) = preSolution
		HideSolutionNode = FALSE
	EndGlobalSection
	GlobalSection(ExtensibilityGlobals) = postSolution
		SolutionGuid = {847CDD81-C32B-4262-9869-CF252299D711}
	EndGlobalSection
EndGlobal
